
Microsoft Visual Studio Solution File, Format Version 12.00
# Visual Studio Version 17
VisualStudioVersion = 17.0.31903.59
MinimumVisualStudioVersion = 10.0.40219.1
Project("{9A19103F-16F7-4668-BE54-9A1E7A4F7556}") = "ModalCRUD", "ModalCRUD\ModalCRUD.csproj", "{D8812DEA-D07C-4088-9191-A439394D5B6E}"
EndProject
Project("{FAE04EC0-301F-11D3-BF4B-00C04F79EFBC}") = "ModalCRUD.DAL", "ModalCRUD.DAL\ModalCRUD.DAL.csproj", "{0CF9E3F2-5B22-48D6-9410-A4EBD295A39B}"
EndProject
Global
	GlobalSection(SolutionConfigurationPlatforms) = preSolution
		Debug|Any CPU = Debug|Any CPU
		Release|Any CPU = Release|Any CPU
	EndGlobalSection
	GlobalSection(ProjectConfigurationPlatforms) = postSolution
		{D8812DEA-D07C-4088-9191-A439394D5B6E}.Debug|Any CPU.ActiveCfg = Debug|Any CPU
		{D8812DEA-D07C-4088-9191-A439394D5B6E}.Debug|Any CPU.Build.0 = Debug|Any CPU
		{D8812DEA-D07C-4088-9191-A439394D5B6E}.Release|Any CPU.ActiveCfg = Release|Any CPU
		{D8812DEA-D07C-4088-9191-A439394D5B6E}.Release|Any CPU.Build.0 = Release|Any CPU
		{0CF9E3F2-5B22-48D6-9410-A4EBD295A39B}.Debug|Any CPU.ActiveCfg = Debug|Any CPU
		{0CF9E3F2-5B22-48D6-9410-A4EBD295A39B}.Debug|Any CPU.Build.0 = Debug|Any CPU
		{0CF9E3F2-5B22-48D6-9410-A4EBD295A39B}.Release|Any CPU.ActiveCfg = Release|Any CPU
		{0CF9E3F2-5B22-48D6-9410-A4EBD295A39B}.Release|Any CPU.Build.0 = Release|Any CPU
	EndGlobalSection
	GlobalSection(SolutionProperties) = preSolution
		HideSolutionNode = FALSE
	EndGlobalSection
	GlobalSection(ExtensibilityGlobals) = postSolution
		SolutionGuid = {8CDB8317-AE37-4D55-9209-0030A3D4774F}
	EndGlobalSection
EndGlobal
